
Microsoft Visual Studio Solution File, Format Version 12.00
# Visual Studio Version 17
VisualStudioVersion = 17.0.31903.59
MinimumVisualStudioVersion = 10.0.40219.1
Project("{2150E333-8FDC-42A3-9474-1A3956D46DE8}") = "src", "src", "{72A0FEEF-CA75-40FB-8235-C2A11641C274}"
EndProject
Project("{FAE04EC0-301F-11D3-BF4B-00C04F79EFBC}") = "TransConnect.Console", "src\TransConnect.Console\TransConnect.Console.csproj", "{DC78A8A7-69F2-4964-8147-C427994B7E8C}"
EndProject
Project("{FAE04EC0-301F-11D3-BF4B-00C04F79EFBC}") = "TransConnect.Domain", "src\TransConnect.Domain\TransConnect.Domain.csproj", "{DF514E3E-0388-4C22-8E85-BF306F664404}"
EndProject
Project("{FAE04EC0-301F-11D3-BF4B-00C04F79EFBC}") = "TransConnect.Application", "src\TransConnect.Application\TransConnect.Application.csproj", "{17F9A35F-6CD2-476A-A20D-7C84CD92CF03}"
EndProject
Project("{FAE04EC0-301F-11D3-BF4B-00C04F79EFBC}") = "TransConnect.Infrastructure", "src\TransConnect.Infrastructure\TransConnect.Infrastructure.csproj", "{58E4EC2D-985C-4B85-A009-AE310DEB3C86}"
EndProject
Project("{FAE04EC0-301F-11D3-BF4B-00C04F79EFBC}") = "TransConnect.Algorithms", "src\TransConnect.Algorithms\TransConnect.Algorithms.csproj", "{BF44CFEA-D3A5-4014-B550-55E4F1CA8994}"
EndProject
Project("{2150E333-8FDC-42A3-9474-1A3956D46DE8}") = "tests", "tests", "{C90A93BB-21EB-4D81-A22F-747DF1835827}"
EndProject
Project("{FAE04EC0-301F-11D3-BF4B-00C04F79EFBC}") = "TransConnect.Tests", "tests\TransConnect.Tests\TransConnect.Tests.csproj", "{5B3F79A8-DDB6-44C8-823B-29E476F7A997}"
EndProject
Global
	GlobalSection(SolutionConfigurationPlatforms) = preSolution
		Debug|Any CPU = Debug|Any CPU
		Release|Any CPU = Release|Any CPU
	EndGlobalSection
	GlobalSection(SolutionProperties) = preSolution
		HideSolutionNode = FALSE
	EndGlobalSection
	GlobalSection(ProjectConfigurationPlatforms) = postSolution
		{DC78A8A7-69F2-4964-8147-C427994B7E8C}.Debug|Any CPU.ActiveCfg = Debug|Any CPU
		{DC78A8A7-69F2-4964-8147-C427994B7E8C}.Debug|Any CPU.Build.0 = Debug|Any CPU
		{DC78A8A7-69F2-4964-8147-C427994B7E8C}.Release|Any CPU.ActiveCfg = Release|Any CPU
		{DC78A8A7-69F2-4964-8147-C427994B7E8C}.Release|Any CPU.Build.0 = Release|Any CPU
		{DF514E3E-0388-4C22-8E85-BF306F664404}.Debug|Any CPU.ActiveCfg = Debug|Any CPU
		{DF514E3E-0388-4C22-8E85-BF306F664404}.Debug|Any CPU.Build.0 = Debug|Any CPU
		{DF514E3E-0388-4C22-8E85-BF306F664404}.Release|Any CPU.ActiveCfg = Release|Any CPU
		{DF514E3E-0388-4C22-8E85-BF306F664404}.Release|Any CPU.Build.0 = Release|Any CPU
		{17F9A35F-6CD2-476A-A20D-7C84CD92CF03}.Debug|Any CPU.ActiveCfg = Debug|Any CPU
		{17F9A35F-6CD2-476A-A20D-7C84CD92CF03}.Debug|Any CPU.Build.0 = Debug|Any CPU
		{17F9A35F-6CD2-476A-A20D-7C84CD92CF03}.Release|Any CPU.ActiveCfg = Release|Any CPU
		{17F9A35F-6CD2-476A-A20D-7C84CD92CF03}.Release|Any CPU.Build.0 = Release|Any CPU
		{58E4EC2D-985C-4B85-A009-AE310DEB3C86}.Debug|Any CPU.ActiveCfg = Debug|Any CPU
		{58E4EC2D-985C-4B85-A009-AE310DEB3C86}.Debug|Any CPU.Build.0 = Debug|Any CPU
		{58E4EC2D-985C-4B85-A009-AE310DEB3C86}.Release|Any CPU.ActiveCfg = Release|Any CPU
		{58E4EC2D-985C-4B85-A009-AE310DEB3C86}.Release|Any CPU.Build.0 = Release|Any CPU
		{BF44CFEA-D3A5-4014-B550-55E4F1CA8994}.Debug|Any CPU.ActiveCfg = Debug|Any CPU
		{BF44CFEA-D3A5-4014-B550-55E4F1CA8994}.Debug|Any CPU.Build.0 = Debug|Any CPU
		{BF44CFEA-D3A5-4014-B550-55E4F1CA8994}.Release|Any CPU.ActiveCfg = Release|Any CPU
		{BF44CFEA-D3A5-4014-B550-55E4F1CA8994}.Release|Any CPU.Build.0 = Release|Any CPU
		{5B3F79A8-DDB6-44C8-823B-29E476F7A997}.Debug|Any CPU.ActiveCfg = Debug|Any CPU
		{5B3F79A8-DDB6-44C8-823B-29E476F7A997}.Debug|Any CPU.Build.0 = Debug|Any CPU
		{5B3F79A8-DDB6-44C8-823B-29E476F7A997}.Release|Any CPU.ActiveCfg = Release|Any CPU
		{5B3F79A8-DDB6-44C8-823B-29E476F7A997}.Release|Any CPU.Build.0 = Release|Any CPU
	EndGlobalSection
	GlobalSection(NestedProjects) = preSolution
		{DC78A8A7-69F2-4964-8147-C427994B7E8C} = {72A0FEEF-CA75-40FB-8235-C2A11641C274}
		{DF514E3E-0388-4C22-8E85-BF306F664404} = {72A0FEEF-CA75-40FB-8235-C2A11641C274}
		{17F9A35F-6CD2-476A-A20D-7C84CD92CF03} = {72A0FEEF-CA75-40FB-8235-C2A11641C274}
		{58E4EC2D-985C-4B85-A009-AE310DEB3C86} = {72A0FEEF-CA75-40FB-8235-C2A11641C274}
		{BF44CFEA-D3A5-4014-B550-55E4F1CA8994} = {72A0FEEF-CA75-40FB-8235-C2A11641C274}
		{5B3F79A8-DDB6-44C8-823B-29E476F7A997} = {C90A93BB-21EB-4D81-A22F-747DF1835827}
	EndGlobalSection
EndGlobal
